
Microsoft Visual Studio Solution File, Format Version 12.00
# Visual Studio Version 17
VisualStudioVersion = 17.2.32505.173
MinimumVisualStudioVersion = 10.0.40219.1
Project("{9A19103F-16F7-4668-BE54-9A1E7A4F7556}") = "Domain", "Domain\Domain.csproj", "{2B95EC13-F4B8-4225-9B40-134FEC2EA750}"
EndProject
Project("{2150E333-8FDC-42A3-9474-1A3956D46DE8}") = "Libraries", "Libraries", "{B867555B-0AAD-4F86-ADB4-0C9370787D71}"
EndProject
Project("{9A19103F-16F7-4668-BE54-9A1E7A4F7556}") = "Presentation", "Presentation\Presentation.csproj", "{3858F766-D6C5-41EC-978D-3928521692DE}"
EndProject
Project("{9A19103F-16F7-4668-BE54-9A1E7A4F7556}") = "Persistance", "Persistance\Persistance.csproj", "{3E5EFAF4-B00B-4D01-B5C6-9D9A8336DBCB}"
EndProject
Project("{2150E333-8FDC-42A3-9474-1A3956D46DE8}") = "Apps", "Apps", "{18E20888-531E-4A5D-A59B-5979F70D13E6}"
EndProject
Global
	GlobalSection(SolutionConfigurationPlatforms) = preSolution
		Debug|Any CPU = Debug|Any CPU
		Release|Any CPU = Release|Any CPU
	EndGlobalSection
	GlobalSection(ProjectConfigurationPlatforms) = postSolution
		{2B95EC13-F4B8-4225-9B40-134FEC2EA750}.Debug|Any CPU.ActiveCfg = Debug|Any CPU
		{2B95EC13-F4B8-4225-9B40-134FEC2EA750}.Debug|Any CPU.Build.0 = Debug|Any CPU
		{2B95EC13-F4B8-4225-9B40-134FEC2EA750}.Release|Any CPU.ActiveCfg = Release|Any CPU
		{2B95EC13-F4B8-4225-9B40-134FEC2EA750}.Release|Any CPU.Build.0 = Release|Any CPU
		{3858F766-D6C5-41EC-978D-3928521692DE}.Debug|Any CPU.ActiveCfg = Debug|Any CPU
		{3858F766-D6C5-41EC-978D-3928521692DE}.Debug|Any CPU.Build.0 = Debug|Any CPU
		{3858F766-D6C5-41EC-978D-3928521692DE}.Release|Any CPU.ActiveCfg = Release|Any CPU
		{3858F766-D6C5-41EC-978D-3928521692DE}.Release|Any CPU.Build.0 = Release|Any CPU
		{3E5EFAF4-B00B-4D01-B5C6-9D9A8336DBCB}.Debug|Any CPU.ActiveCfg = Debug|Any CPU
		{3E5EFAF4-B00B-4D01-B5C6-9D9A8336DBCB}.Debug|Any CPU.Build.0 = Debug|Any CPU
		{3E5EFAF4-B00B-4D01-B5C6-9D9A8336DBCB}.Release|Any CPU.ActiveCfg = Release|Any CPU
		{3E5EFAF4-B00B-4D01-B5C6-9D9A8336DBCB}.Release|Any CPU.Build.0 = Release|Any CPU
	EndGlobalSection
	GlobalSection(SolutionProperties) = preSolution
		HideSolutionNode = FALSE
	EndGlobalSection
	GlobalSection(NestedProjects) = preSolution
		{2B95EC13-F4B8-4225-9B40-134FEC2EA750} = {B867555B-0AAD-4F86-ADB4-0C9370787D71}
		{3858F766-D6C5-41EC-978D-3928521692DE} = {18E20888-531E-4A5D-A59B-5979F70D13E6}
		{3E5EFAF4-B00B-4D01-B5C6-9D9A8336DBCB} = {B867555B-0AAD-4F86-ADB4-0C9370787D71}
	EndGlobalSection
	GlobalSection(ExtensibilityGlobals) = postSolution
		SolutionGuid = {1773D9DE-F1DD-4C42-B8A1-B75F2303F5F6}
	EndGlobalSection
EndGlobal
